
Microsoft Visual Studio Solution File, Format Version 12.00
# Visual Studio 14
VisualStudioVersion = 14.0.23107.0
MinimumVisualStudioVersion = 10.0.40219.1
Project("{FAE04EC0-301F-11D3-BF4B-00C04F79EFBC}") = "Anju.Fangke.Client.Launcher", "Anju.Fangke.Client.Launcher\Anju.Fangke.Client.Launcher.csproj", "{1D36BD10-796C-4E04-8A3E-B491C89B0E5D}"
EndProject
Project("{2150E333-8FDC-42A3-9474-1A3956D46DE8}") = "Core", "Core", "{4296645E-E43E-4278-B531-89F29B60AECF}"
EndProject
Project("{FAE04EC0-301F-11D3-BF4B-00C04F79EFBC}") = "Anju.Fangke.Client.Controls", "Anju.Fangke.Client.Controls\Anju.Fangke.Client.Controls.csproj", "{C8E5AEBE-7431-444A-8342-9164BE7B06C2}"
EndProject
Project("{FAE04EC0-301F-11D3-BF4B-00C04F79EFBC}") = "Anju.Fangke.Client.Main", "Anju.Fangke.Client.Main\Anju.Fangke.Client.Main.csproj", "{EB83D855-3273-43AF-AEFE-E057F1035234}"
EndProject
Project("{FAE04EC0-301F-11D3-BF4B-00C04F79EFBC}") = "MetroFramework", "MetroFramework\MetroFramework.csproj", "{028F8695-F2D0-4A96-8F48-FEEAB758C717}"
EndProject
Project("{FAE04EC0-301F-11D3-BF4B-00C04F79EFBC}") = "MetroFramework.Fonts", "MetroFramework.Fonts\MetroFramework.Fonts.csproj", "{BCDA5068-5737-4939-B480-107C50D5CC12}"
EndProject
Project("{FAE04EC0-301F-11D3-BF4B-00C04F79EFBC}") = "MetroFramework.Design", "MetroFramework.Design\MetroFramework.Design.csproj", "{1C0FDD58-8C81-4624-8E39-D0C14F375DEF}"
EndProject
Project("{FAE04EC0-301F-11D3-BF4B-00C04F79EFBC}") = "Anju.Fangke.Client.SDK", "Anju.Fangke.Client.SDK\Anju.Fangke.Client.SDK.csproj", "{B09C10D0-6C53-41FA-8EF0-F04075235BEB}"
EndProject
Project("{FAE04EC0-301F-11D3-BF4B-00C04F79EFBC}") = "Anju.Fangke.Client.AppData", "Anju.Fangke.Client.AppData\Anju.Fangke.Client.AppData.csproj", "{566AEEED-4C41-4DC7-80A3-A7CAC06007F4}"
EndProject
Project("{2150E333-8FDC-42A3-9474-1A3956D46DE8}") = "Forms", "Forms", "{D0C897E8-A802-4D9F-B1B5-79D6C993F986}"
EndProject
Project("{2150E333-8FDC-42A3-9474-1A3956D46DE8}") = "系统", "系统", "{4C15BFD6-BC0E-47F1-BEF3-56F2293332C1}"
EndProject
Project("{FAE04EC0-301F-11D3-BF4B-00C04F79EFBC}") = "Anju.Fangke.Client.Forms.UserManagement", "Anju.Fangke.Client.Forms\系统\Anju.Fangke.Client.Forms.UserManagement\Anju.Fangke.Client.Forms.UserManagement.csproj", "{35574FFB-43C3-45FC-9B7E-63E916B915B9}"
EndProject
Project("{2150E333-8FDC-42A3-9474-1A3956D46DE8}") = "管理", "管理", "{317B1B3C-9075-4D8D-ACBF-A80C28CC9EBC}"
EndProject
Project("{FAE04EC0-301F-11D3-BF4B-00C04F79EFBC}") = "Anju.Fangke.Client.Forms.AssetManagement", "Anju.Fangke.Client.Forms\管理\Anju.Fangke.Client.Forms.AssetManagement\Anju.Fangke.Client.Forms.AssetManagement.csproj", "{1F23DA0F-1907-46CC-9A71-2EB02C04B2C4}"
EndProject
Project("{FAE04EC0-301F-11D3-BF4B-00C04F79EFBC}") = "Anju.Fangke.Client.Forms.BillManagement", "Anju.Fangke.Client.Forms\管理\Anju.Fangke.Client.Forms.BillManagement\Anju.Fangke.Client.Forms.BillManagement.csproj", "{1F5DFACD-9DDE-4036-9C78-2D22A2D4601E}"
EndProject
Project("{2150E333-8FDC-42A3-9474-1A3956D46DE8}") = "Startup", "Startup", "{DDB38FE0-75CD-4354-8622-7449233A8561}"
EndProject
Global
	GlobalSection(SolutionConfigurationPlatforms) = preSolution
		Debug|Any CPU = Debug|Any CPU
		Release|Any CPU = Release|Any CPU
	EndGlobalSection
	GlobalSection(ProjectConfigurationPlatforms) = postSolution
		{1D36BD10-796C-4E04-8A3E-B491C89B0E5D}.Debug|Any CPU.ActiveCfg = Debug|Any CPU
		{1D36BD10-796C-4E04-8A3E-B491C89B0E5D}.Debug|Any CPU.Build.0 = Debug|Any CPU
		{1D36BD10-796C-4E04-8A3E-B491C89B0E5D}.Release|Any CPU.ActiveCfg = Release|Any CPU
		{1D36BD10-796C-4E04-8A3E-B491C89B0E5D}.Release|Any CPU.Build.0 = Release|Any CPU
		{C8E5AEBE-7431-444A-8342-9164BE7B06C2}.Debug|Any CPU.ActiveCfg = Debug|Any CPU
		{C8E5AEBE-7431-444A-8342-9164BE7B06C2}.Debug|Any CPU.Build.0 = Debug|Any CPU
		{C8E5AEBE-7431-444A-8342-9164BE7B06C2}.Release|Any CPU.ActiveCfg = Release|Any CPU
		{C8E5AEBE-7431-444A-8342-9164BE7B06C2}.Release|Any CPU.Build.0 = Release|Any CPU
		{EB83D855-3273-43AF-AEFE-E057F1035234}.Debug|Any CPU.ActiveCfg = Debug|Any CPU
		{EB83D855-3273-43AF-AEFE-E057F1035234}.Debug|Any CPU.Build.0 = Debug|Any CPU
		{EB83D855-3273-43AF-AEFE-E057F1035234}.Release|Any CPU.ActiveCfg = Release|Any CPU
		{EB83D855-3273-43AF-AEFE-E057F1035234}.Release|Any CPU.Build.0 = Release|Any CPU
		{028F8695-F2D0-4A96-8F48-FEEAB758C717}.Debug|Any CPU.ActiveCfg = Debug|Any CPU
		{028F8695-F2D0-4A96-8F48-FEEAB758C717}.Debug|Any CPU.Build.0 = Debug|Any CPU
		{028F8695-F2D0-4A96-8F48-FEEAB758C717}.Release|Any CPU.ActiveCfg = Release|Any CPU
		{028F8695-F2D0-4A96-8F48-FEEAB758C717}.Release|Any CPU.Build.0 = Release|Any CPU
		{BCDA5068-5737-4939-B480-107C50D5CC12}.Debug|Any CPU.ActiveCfg = Debug|Any CPU
		{BCDA5068-5737-4939-B480-107C50D5CC12}.Debug|Any CPU.Build.0 = Debug|Any CPU
		{BCDA5068-5737-4939-B480-107C50D5CC12}.Release|Any CPU.ActiveCfg = Release|Any CPU
		{BCDA5068-5737-4939-B480-107C50D5CC12}.Release|Any CPU.Build.0 = Release|Any CPU
		{1C0FDD58-8C81-4624-8E39-D0C14F375DEF}.Debug|Any CPU.ActiveCfg = Debug|Any CPU
		{1C0FDD58-8C81-4624-8E39-D0C14F375DEF}.Debug|Any CPU.Build.0 = Debug|Any CPU
		{1C0FDD58-8C81-4624-8E39-D0C14F375DEF}.Release|Any CPU.ActiveCfg = Release|Any CPU
		{1C0FDD58-8C81-4624-8E39-D0C14F375DEF}.Release|Any CPU.Build.0 = Release|Any CPU
		{B09C10D0-6C53-41FA-8EF0-F04075235BEB}.Debug|Any CPU.ActiveCfg = Debug|Any CPU
		{B09C10D0-6C53-41FA-8EF0-F04075235BEB}.Debug|Any CPU.Build.0 = Debug|Any CPU
		{B09C10D0-6C53-41FA-8EF0-F04075235BEB}.Release|Any CPU.ActiveCfg = Release|Any CPU
		{B09C10D0-6C53-41FA-8EF0-F04075235BEB}.Release|Any CPU.Build.0 = Release|Any CPU
		{566AEEED-4C41-4DC7-80A3-A7CAC06007F4}.Debug|Any CPU.ActiveCfg = Debug|Any CPU
		{566AEEED-4C41-4DC7-80A3-A7CAC06007F4}.Debug|Any CPU.Build.0 = Debug|Any CPU
		{566AEEED-4C41-4DC7-80A3-A7CAC06007F4}.Release|Any CPU.ActiveCfg = Release|Any CPU
		{566AEEED-4C41-4DC7-80A3-A7CAC06007F4}.Release|Any CPU.Build.0 = Release|Any CPU
		{35574FFB-43C3-45FC-9B7E-63E916B915B9}.Debug|Any CPU.ActiveCfg = Debug|Any CPU
		{35574FFB-43C3-45FC-9B7E-63E916B915B9}.Debug|Any CPU.Build.0 = Debug|Any CPU
		{35574FFB-43C3-45FC-9B7E-63E916B915B9}.Release|Any CPU.ActiveCfg = Release|Any CPU
		{35574FFB-43C3-45FC-9B7E-63E916B915B9}.Release|Any CPU.Build.0 = Release|Any CPU
		{1F23DA0F-1907-46CC-9A71-2EB02C04B2C4}.Debug|Any CPU.ActiveCfg = Debug|Any CPU
		{1F23DA0F-1907-46CC-9A71-2EB02C04B2C4}.Debug|Any CPU.Build.0 = Debug|Any CPU
		{1F23DA0F-1907-46CC-9A71-2EB02C04B2C4}.Release|Any CPU.ActiveCfg = Release|Any CPU
		{1F23DA0F-1907-46CC-9A71-2EB02C04B2C4}.Release|Any CPU.Build.0 = Release|Any CPU
		{1F5DFACD-9DDE-4036-9C78-2D22A2D4601E}.Debug|Any CPU.ActiveCfg = Debug|Any CPU
		{1F5DFACD-9DDE-4036-9C78-2D22A2D4601E}.Debug|Any CPU.Build.0 = Debug|Any CPU
		{1F5DFACD-9DDE-4036-9C78-2D22A2D4601E}.Release|Any CPU.ActiveCfg = Release|Any CPU
		{1F5DFACD-9DDE-4036-9C78-2D22A2D4601E}.Release|Any CPU.Build.0 = Release|Any CPU
	EndGlobalSection
	GlobalSection(SolutionProperties) = preSolution
		HideSolutionNode = FALSE
	EndGlobalSection
	GlobalSection(NestedProjects) = preSolution
		{1D36BD10-796C-4E04-8A3E-B491C89B0E5D} = {DDB38FE0-75CD-4354-8622-7449233A8561}
		{C8E5AEBE-7431-444A-8342-9164BE7B06C2} = {4296645E-E43E-4278-B531-89F29B60AECF}
		{EB83D855-3273-43AF-AEFE-E057F1035234} = {DDB38FE0-75CD-4354-8622-7449233A8561}
		{028F8695-F2D0-4A96-8F48-FEEAB758C717} = {4296645E-E43E-4278-B531-89F29B60AECF}
		{BCDA5068-5737-4939-B480-107C50D5CC12} = {4296645E-E43E-4278-B531-89F29B60AECF}
		{1C0FDD58-8C81-4624-8E39-D0C14F375DEF} = {4296645E-E43E-4278-B531-89F29B60AECF}
		{B09C10D0-6C53-41FA-8EF0-F04075235BEB} = {4296645E-E43E-4278-B531-89F29B60AECF}
		{566AEEED-4C41-4DC7-80A3-A7CAC06007F4} = {4296645E-E43E-4278-B531-89F29B60AECF}
		{4C15BFD6-BC0E-47F1-BEF3-56F2293332C1} = {D0C897E8-A802-4D9F-B1B5-79D6C993F986}
		{35574FFB-43C3-45FC-9B7E-63E916B915B9} = {4C15BFD6-BC0E-47F1-BEF3-56F2293332C1}
		{317B1B3C-9075-4D8D-ACBF-A80C28CC9EBC} = {D0C897E8-A802-4D9F-B1B5-79D6C993F986}
		{1F23DA0F-1907-46CC-9A71-2EB02C04B2C4} = {317B1B3C-9075-4D8D-ACBF-A80C28CC9EBC}
		{1F5DFACD-9DDE-4036-9C78-2D22A2D4601E} = {317B1B3C-9075-4D8D-ACBF-A80C28CC9EBC}
	EndGlobalSection
EndGlobal
